
Microsoft Visual Studio Solution File, Format Version 11.00
# Visual Studio 2010
Project("{F14B399A-7131-4C87-9E4B-1186C45EF12D}") = "reports", "reports\reports.rptproj", "{EDD6C4C5-F375-497D-873E-5E9EA8CC564C}"
EndProject
Global
	GlobalSection(SolutionConfigurationPlatforms) = preSolution
		Debug|Default = Debug|Default
		DebugLocal|Default = DebugLocal|Default
		Release|Default = Release|Default
	EndGlobalSection
	GlobalSection(ProjectConfigurationPlatforms) = postSolution
		{EDD6C4C5-F375-497D-873E-5E9EA8CC564C}.Debug|Default.ActiveCfg = Debug
		{EDD6C4C5-F375-497D-873E-5E9EA8CC564C}.Debug|Default.Build.0 = DebugLocal
		{EDD6C4C5-F375-497D-873E-5E9EA8CC564C}.Debug|Default.Deploy.0 = DebugLocal
		{EDD6C4C5-F375-497D-873E-5E9EA8CC564C}.DebugLocal|Default.ActiveCfg = DebugLocal
		{EDD6C4C5-F375-497D-873E-5E9EA8CC564C}.DebugLocal|Default.Build.0 = DebugLocal
		{EDD6C4C5-F375-497D-873E-5E9EA8CC564C}.Release|Default.ActiveCfg = Release
		{EDD6C4C5-F375-497D-873E-5E9EA8CC564C}.Release|Default.Build.0 = Release
		{EDD6C4C5-F375-497D-873E-5E9EA8CC564C}.Release|Default.Deploy.0 = Release
	EndGlobalSection
	GlobalSection(SolutionProperties) = preSolution
		HideSolutionNode = FALSE
	EndGlobalSection
EndGlobal
